
Microsoft Visual Studio Solution File, Format Version 12.00
# Visual Studio 15
Project("{FAE04EC0-301F-11D3-BF4B-00C04F79EFBC}") = "UclaEvents", "UclaEvents.csproj", "{756C36A2-6E83-487D-9D33-462ED9887168}"
EndProject
Global
	GlobalSection(SolutionConfigurationPlatforms) = preSolution
		Debug|Any CPU = Debug|Any CPU
		Release|Any CPU = Release|Any CPU
	EndGlobalSection
	GlobalSection(ProjectConfigurationPlatforms) = postSolution
		{756C36A2-6E83-487D-9D33-462ED9887168}.Debug|Any CPU.ActiveCfg = Debug|Any CPU
		{756C36A2-6E83-487D-9D33-462ED9887168}.Debug|Any CPU.Build.0 = Debug|Any CPU
		{756C36A2-6E83-487D-9D33-462ED9887168}.Release|Any CPU.ActiveCfg = Release|Any CPU
		{756C36A2-6E83-487D-9D33-462ED9887168}.Release|Any CPU.Build.0 = Release|Any CPU
	EndGlobalSection
EndGlobal
